
Microsoft Visual Studio Solution File, Format Version 12.00
# Visual Studio Version 16
VisualStudioVersion = 16.0.29009.5
MinimumVisualStudioVersion = 10.0.40219.1
Project("{9A19103F-16F7-4668-BE54-9A1E7A4F7556}") = "PayglWeb", "PayglWeb\PayglWeb.csproj", "{7BA955B6-4BC6-4B17-A2E4-8E6489ADDB6E}"
EndProject
Project("{9A19103F-16F7-4668-BE54-9A1E7A4F7556}") = "PayglService", "PayglService\PayglService.csproj", "{9BBF2D06-000A-4AE1-B7F4-E0D8F9A53129}"
EndProject
Project("{9A19103F-16F7-4668-BE54-9A1E7A4F7556}") = "DataBaseWithBusinessLogicConnector", "DataBaseWithBusinessLogicConnector\DataBaseWithBusinessLogicConnector.csproj", "{6025D934-7EF8-40AB-9B89-0064FDBBABA8}"
EndProject
Project("{9A19103F-16F7-4668-BE54-9A1E7A4F7556}") = "Analyzer", "Analyzer\Analyzer.csproj", "{35DF9273-AE1B-404D-A2B1-75E00E6B1DFE}"
EndProject
Global
	GlobalSection(SolutionConfigurationPlatforms) = preSolution
		Debug|Any CPU = Debug|Any CPU
		Release|Any CPU = Release|Any CPU
	EndGlobalSection
	GlobalSection(ProjectConfigurationPlatforms) = postSolution
		{7BA955B6-4BC6-4B17-A2E4-8E6489ADDB6E}.Debug|Any CPU.ActiveCfg = Debug|Any CPU
		{7BA955B6-4BC6-4B17-A2E4-8E6489ADDB6E}.Debug|Any CPU.Build.0 = Debug|Any CPU
		{7BA955B6-4BC6-4B17-A2E4-8E6489ADDB6E}.Release|Any CPU.ActiveCfg = Release|Any CPU
		{7BA955B6-4BC6-4B17-A2E4-8E6489ADDB6E}.Release|Any CPU.Build.0 = Release|Any CPU
		{9BBF2D06-000A-4AE1-B7F4-E0D8F9A53129}.Debug|Any CPU.ActiveCfg = Debug|Any CPU
		{9BBF2D06-000A-4AE1-B7F4-E0D8F9A53129}.Debug|Any CPU.Build.0 = Debug|Any CPU
		{9BBF2D06-000A-4AE1-B7F4-E0D8F9A53129}.Release|Any CPU.ActiveCfg = Release|Any CPU
		{9BBF2D06-000A-4AE1-B7F4-E0D8F9A53129}.Release|Any CPU.Build.0 = Release|Any CPU
		{6025D934-7EF8-40AB-9B89-0064FDBBABA8}.Debug|Any CPU.ActiveCfg = Debug|Any CPU
		{6025D934-7EF8-40AB-9B89-0064FDBBABA8}.Debug|Any CPU.Build.0 = Debug|Any CPU
		{6025D934-7EF8-40AB-9B89-0064FDBBABA8}.Release|Any CPU.ActiveCfg = Release|Any CPU
		{6025D934-7EF8-40AB-9B89-0064FDBBABA8}.Release|Any CPU.Build.0 = Release|Any CPU
		{35DF9273-AE1B-404D-A2B1-75E00E6B1DFE}.Debug|Any CPU.ActiveCfg = Debug|Any CPU
		{35DF9273-AE1B-404D-A2B1-75E00E6B1DFE}.Debug|Any CPU.Build.0 = Debug|Any CPU
		{35DF9273-AE1B-404D-A2B1-75E00E6B1DFE}.Release|Any CPU.ActiveCfg = Release|Any CPU
		{35DF9273-AE1B-404D-A2B1-75E00E6B1DFE}.Release|Any CPU.Build.0 = Release|Any CPU
	EndGlobalSection
	GlobalSection(SolutionProperties) = preSolution
		HideSolutionNode = FALSE
	EndGlobalSection
	GlobalSection(ExtensibilityGlobals) = postSolution
		SolutionGuid = {96E493BD-4A65-4745-910E-0BA83BA31D02}
	EndGlobalSection
EndGlobal
